PODS:
  - ActionSheetPicker-3.0 (2.3.0)
  - Alamofire (4.8.2)
  - FSPagerView (0.8.2)
  - JGProgressHUD (2.0.3)
  - KeychainSwift (11.0.0)
  - Kingfisher (4.9.0)
  - QRCode (2.0)
  - ReachabilitySwift (4.3.1)
  - SwiftyJSON (5.0.0)
  - Toast-Swift (4.0.1)

DEPENDENCIES:
  - ActionSheetPicker-3.0 (~> 2.3.0)
  - Alamofire (~> 4.5)
  - FSPagerView
  - JGProgressHUD
  - KeychainSwift (~> 11.0)
  - Kingfisher (<= 4.9.0)
  - QRCode
  - ReachabilitySwift
  - SwiftyJSON
  - Toast-Swift (~> 4.0.0)

SPEC REPOS:
  https://github.com/cocoapods/specs.git:
    - ActionSheetPicker-3.0
    - Alamofire
    - FSPagerView
    - JGProgressHUD
    - KeychainSwift
    - Kingfisher
    - QRCode
    - ReachabilitySwift
    - SwiftyJSON
    - Toast-Swift

SPEC CHECKSUMS:
  ActionSheetPicker-3.0: eef157d75e151f255c5333d26656c7fbfe905a51
  Alamofire: ae5c501addb7afdbb13687d7f2f722c78734c2d3
  FSPagerView: 816a18842306973cc7cc6df8a5332272f7815c30
  JGProgressHUD: 12b20a8f4ffe05258f8635c1ab92816e451f904d
  KeychainSwift: bea6bd9f98af7b8d7ca4aa79fe105c00fab532db
  Kingfisher: 64539b51826b778206daa6ed815d12653caa69dd
  QRCode: f98a1886c8f37523704a7512a4c0cd45b34c18a4
  ReachabilitySwift: 4032e2f59586e11e3b0ebe15b167abdd587a388b
  SwiftyJSON: 36413e04c44ee145039d332b4f4e2d3e8d6c4db7
  Toast-Swift: e42a638589a2f95036b4bb7626cfbdde7daf0393

PODFILE CHECKSUM: a008aff78d1d896ec15efc8d7dde2e13973f2862

COCOAPODS: 1.5.3
